// !$*UTF8*$!
{
	archiveVersion = 1;
	classes = {
	};
	objectVersion = 56;
	objects = {

/* Begin PBXBuildFile section */
		183364182BDFE215007C4BE0 /* GoogleService-Info.plist in Resources */ = {isa = PBXBuildFile; fileRef = 183364172BDFE215007C4BE0 /* GoogleService-Info.plist */; };
		1833641B2BDFE289007C4BE0 /* FirebaseAnalytics in Frameworks */ = {isa = PBXBuildFile; productRef = 1833641A2BDFE289007C4BE0 /* FirebaseAnalytics */; };
		1833641D2BDFE289007C4BE0 /* FirebaseAnalyticsWithoutAdIdSupport in Frameworks */ = {isa = PBXBuildFile; productRef = 1833641C2BDFE289007C4BE0 /* FirebaseAnalyticsWithoutAdIdSupport */; };
		189C34252BC3878800123C84 /* AppDelegate.swift in Sources */ = {isa = PBXBuildFile; fileRef = 189C34242BC3878800123C84 /* AppDelegate.swift */; };
		189C34272BC3878800123C84 /* SceneDelegate.swift in Sources */ = {isa = PBXBuildFile; fileRef = 189C34262BC3878800123C84 /* SceneDelegate.swift */; };
		189C34292BC3878800123C84 /* ViewController.swift in Sources */ = {isa = PBXBuildFile; fileRef = 189C34282BC3878800123C84 /* ViewController.swift */; };
		189C342C2BC3878800123C84 /* Main.storyboard in Resources */ = {isa = PBXBuildFile; fileRef = 189C342A2BC3878800123C84 /* Main.storyboard */; };
		189C342E2BC3878A00123C84 /* Assets.xcassets in Resources */ = {isa = PBXBuildFile; fileRef = 189C342D2BC3878A00123C84 /* Assets.xcassets */; };
		189C34312BC3878A00123C84 /* LaunchScreen.storyboard in Resources */ = {isa = PBXBuildFile; fileRef = 189C342F2BC3878A00123C84 /* LaunchScreen.storyboard */; };
		189C34402BC38A3100123C84 /* MyUIUtilities in Frameworks */ = {isa = PBXBuildFile; productRef = 189C343F2BC38A3100123C84 /* MyUIUtilities */; };
		189C34422BC39F4700123C84 /* LoginEndpoint.swift in Sources */ = {isa = PBXBuildFile; fileRef = 189C34412BC39F4700123C84 /* LoginEndpoint.swift */; };
		189C34452BC3A01C00123C84 /* LoginRequest.swift in Sources */ = {isa = PBXBuildFile; fileRef = 189C34442BC3A01C00123C84 /* LoginRequest.swift */; };
		189C34472BC3A02B00123C84 /* LoginResponse.swift in Sources */ = {isa = PBXBuildFile; fileRef = 189C34462BC3A02B00123C84 /* LoginResponse.swift */; };
		189C344A2BC841CE00123C84 /* ProductsEndpoint.swift in Sources */ = {isa = PBXBuildFile; fileRef = 189C34492BC841CE00123C84 /* ProductsEndpoint.swift */; };
		189C344C2BC8430900123C84 /* ProductModel.swift in Sources */ = {isa = PBXBuildFile; fileRef = 189C344B2BC8430900123C84 /* ProductModel.swift */; };
		189C34532BCC519800123C84 /* DataModel.xcdatamodeld in Sources */ = {isa = PBXBuildFile; fileRef = 189C34512BCC519800123C84 /* DataModel.xcdatamodeld */; };
		189C34592BCC55B200123C84 /* CoreDataStack.swift in Sources */ = {isa = PBXBuildFile; fileRef = 189C34582BCC55B200123C84 /* CoreDataStack.swift */; };
		189C34672BCCA3C900123C84 /* ReusableTextField.xib in Resources */ = {isa = PBXBuildFile; fileRef = 189C34662BCCA3C900123C84 /* ReusableTextField.xib */; };
		189C346B2BCCA62000123C84 /* ReusableTextField.swift in Sources */ = {isa = PBXBuildFile; fileRef = 189C346A2BCCA62000123C84 /* ReusableTextField.swift */; };
		189C34712BCD5A7400123C84 /* RemoteProductRepository.swift in Sources */ = {isa = PBXBuildFile; fileRef = 189C34702BCD5A7400123C84 /* RemoteProductRepository.swift */; };
		189C34732BCD5A8400123C84 /* LocalProductRepository.swift in Sources */ = {isa = PBXBuildFile; fileRef = 189C34722BCD5A8400123C84 /* LocalProductRepository.swift */; };
		189C34752BCD5A9400123C84 /* ProductRepository.swift in Sources */ = {isa = PBXBuildFile; fileRef = 189C34742BCD5A9400123C84 /* ProductRepository.swift */; };
		189C34792BCD5E1500123C84 /* FetchProductsUseCase.swift in Sources */ = {isa = PBXBuildFile; fileRef = 189C34782BCD5E1500123C84 /* FetchProductsUseCase.swift */; };
		189C347B2BCD5E2A00123C84 /* ProductListViewModel.swift in Sources */ = {isa = PBXBuildFile; fileRef = 189C347A2BCD5E2A00123C84 /* ProductListViewModel.swift */; };
		18DDEB3C2BD6C958003BF0DB /* ProductRepositoryProtocol.swift in Sources */ = {isa = PBXBuildFile; fileRef = 18DDEB3B2BD6C958003BF0DB /* ProductRepositoryProtocol.swift */; };
		18DDEB3E2BD6C9AE003BF0DB /* FetchProductsUseCaseProtocol.swift in Sources */ = {isa = PBXBuildFile; fileRef = 18DDEB3D2BD6C9AE003BF0DB /* FetchProductsUseCaseProtocol.swift */; };
		18DDEB402BD6CA12003BF0DB /* RemoteProductRepositoryProtocol.swift in Sources */ = {isa = PBXBuildFile; fileRef = 18DDEB3F2BD6CA12003BF0DB /* RemoteProductRepositoryProtocol.swift */; };
		18DDEB422BD6CA3E003BF0DB /* LocalProductRepositoryProrocol.swift in Sources */ = {isa = PBXBuildFile; fileRef = 18DDEB412BD6CA3E003BF0DB /* LocalProductRepositoryProrocol.swift */; };
		18DDEB4A2BD81674003BF0DB /* ProductDependanciesFactory.swift in Sources */ = {isa = PBXBuildFile; fileRef = 18DDEB492BD81674003BF0DB /* ProductDependanciesFactory.swift */; };
		18DDEB4C2BD83659003BF0DB /* BaseUsecase.swift in Sources */ = {isa = PBXBuildFile; fileRef = 18DDEB4B2BD83659003BF0DB /* BaseUsecase.swift */; };
		18DDEB4E2BD83ABD003BF0DB /* BaseViewmodel.swift in Sources */ = {isa = PBXBuildFile; fileRef = 18DDEB4D2BD83ABD003BF0DB /* BaseViewmodel.swift */; };
		18DDEB532BDD4FAE003BF0DB /* Factory in Frameworks */ = {isa = PBXBuildFile; productRef = 18DDEB522BDD4FAE003BF0DB /* Factory */; };
		18DDEB552BDE1A87003BF0DB /* BaseViewController.swift in Sources */ = {isa = PBXBuildFile; fileRef = 18DDEB542BDE1A87003BF0DB /* BaseViewController.swift */; };
/* End PBXBuildFile section */

/* Begin PBXFileReference section */
		183364172BDFE215007C4BE0 /* GoogleService-Info.plist */ = {isa = PBXFileReference; fileEncoding = 4; lastKnownFileType = text.plist.xml; path = "GoogleService-Info.plist"; sourceTree = "<group>"; };
		189C34212BC3878800123C84 /* SolutionPlusProject.app */ = {isa = PBXFileReference; explicitFileType = wrapper.application; includeInIndex = 0; path = SolutionPlusProject.app; sourceTree = BUILT_PRODUCTS_DIR; };
		189C34242BC3878800123C84 /* AppDelegate.swift */ = {isa = PBXFileReference; lastKnownFileType = sourcecode.swift; path = AppDelegate.swift; sourceTree = "<group>"; };
		189C34262BC3878800123C84 /* SceneDelegate.swift */ = {isa = PBXFileReference; lastKnownFileType = sourcecode.swift; path = SceneDelegate.swift; sourceTree = "<group>"; };
		189C34282BC3878800123C84 /* ViewController.swift */ = {isa = PBXFileReference; lastKnownFileType = sourcecode.swift; path = ViewController.swift; sourceTree = "<group>"; };
		189C342B2BC3878800123C84 /* Base */ = {isa = PBXFileReference; lastKnownFileType = file.storyboard; name = Base; path = Base.lproj/Main.storyboard; sourceTree = "<group>"; };
		189C342D2BC3878A00123C84 /* Assets.xcassets */ = {isa = PBXFileReference; lastKnownFileType = folder.assetcatalog; path = Assets.xcassets; sourceTree = "<group>"; };
		189C34302BC3878A00123C84 /* Base */ = {isa = PBXFileReference; lastKnownFileType = file.storyboard; name = Base; path = Base.lproj/LaunchScreen.storyboard; sourceTree = "<group>"; };
		189C34322BC3878A00123C84 /* Info.plist */ = {isa = PBXFileReference; lastKnownFileType = text.plist.xml; path = Info.plist; sourceTree = "<group>"; };
		189C343D2BC3898A00123C84 /* MyUIUtilities */ = {isa = PBXFileReference; lastKnownFileType = wrapper; name = MyUIUtilities; path = ../MyUIUtilities; sourceTree = "<group>"; };
		189C34412BC39F4700123C84 /* LoginEndpoint.swift */ = {isa = PBXFileReference; lastKnownFileType = sourcecode.swift; path = LoginEndpoint.swift; sourceTree = "<group>"; };
		189C34442BC3A01C00123C84 /* LoginRequest.swift */ = {isa = PBXFileReference; lastKnownFileType = sourcecode.swift; path = LoginRequest.swift; sourceTree = "<group>"; };
		189C34462BC3A02B00123C84 /* LoginResponse.swift */ = {isa = PBXFileReference; lastKnownFileType = sourcecode.swift; path = LoginResponse.swift; sourceTree = "<group>"; };
		189C34492BC841CE00123C84 /* ProductsEndpoint.swift */ = {isa = PBXFileReference; lastKnownFileType = sourcecode.swift; path = ProductsEndpoint.swift; sourceTree = "<group>"; };
		189C344B2BC8430900123C84 /* ProductModel.swift */ = {isa = PBXFileReference; lastKnownFileType = sourcecode.swift; path = ProductModel.swift; sourceTree = "<group>"; };
		189C34522BCC519800123C84 /* DataModel.xcdatamodel */ = {isa = PBXFileReference; lastKnownFileType = wrapper.xcdatamodel; path = DataModel.xcdatamodel; sourceTree = "<group>"; };
		189C34582BCC55B200123C84 /* CoreDataStack.swift */ = {isa = PBXFileReference; lastKnownFileType = sourcecode.swift; path = CoreDataStack.swift; sourceTree = "<group>"; };
		189C34662BCCA3C900123C84 /* ReusableTextField.xib */ = {isa = PBXFileReference; lastKnownFileType = file.xib; path = ReusableTextField.xib; sourceTree = "<group>"; };
		189C346A2BCCA62000123C84 /* ReusableTextField.swift */ = {isa = PBXFileReference; lastKnownFileType = sourcecode.swift; path = ReusableTextField.swift; sourceTree = "<group>"; };
		189C34702BCD5A7400123C84 /* RemoteProductRepository.swift */ = {isa = PBXFileReference; lastKnownFileType = sourcecode.swift; path = RemoteProductRepository.swift; sourceTree = "<group>"; };
		189C34722BCD5A8400123C84 /* LocalProductRepository.swift */ = {isa = PBXFileReference; lastKnownFileType = sourcecode.swift; path = LocalProductRepository.swift; sourceTree = "<group>"; };
		189C34742BCD5A9400123C84 /* ProductRepository.swift */ = {isa = PBXFileReference; lastKnownFileType = sourcecode.swift; path = ProductRepository.swift; sourceTree = "<group>"; };
		189C34782BCD5E1500123C84 /* FetchProductsUseCase.swift */ = {isa = PBXFileReference; lastKnownFileType = sourcecode.swift; path = FetchProductsUseCase.swift; sourceTree = "<group>"; };
		189C347A2BCD5E2A00123C84 /* ProductListViewModel.swift */ = {isa = PBXFileReference; lastKnownFileType = sourcecode.swift; path = ProductListViewModel.swift; sourceTree = "<group>"; };
		18DDEB3B2BD6C958003BF0DB /* ProductRepositoryProtocol.swift */ = {isa = PBXFileReference; lastKnownFileType = sourcecode.swift; path = ProductRepositoryProtocol.swift; sourceTree = "<group>"; };
		18DDEB3D2BD6C9AE003BF0DB /* FetchProductsUseCaseProtocol.swift */ = {isa = PBXFileReference; lastKnownFileType = sourcecode.swift; path = FetchProductsUseCaseProtocol.swift; sourceTree = "<group>"; };
		18DDEB3F2BD6CA12003BF0DB /* RemoteProductRepositoryProtocol.swift */ = {isa = PBXFileReference; lastKnownFileType = sourcecode.swift; path = RemoteProductRepositoryProtocol.swift; sourceTree = "<group>"; };
		18DDEB412BD6CA3E003BF0DB /* LocalProductRepositoryProrocol.swift */ = {isa = PBXFileReference; lastKnownFileType = sourcecode.swift; path = LocalProductRepositoryProrocol.swift; sourceTree = "<group>"; };
		18DDEB492BD81674003BF0DB /* ProductDependanciesFactory.swift */ = {isa = PBXFileReference; lastKnownFileType = sourcecode.swift; path = ProductDependanciesFactory.swift; sourceTree = "<group>"; };
		18DDEB4B2BD83659003BF0DB /* BaseUsecase.swift */ = {isa = PBXFileReference; lastKnownFileType = sourcecode.swift; path = BaseUsecase.swift; sourceTree = "<group>"; };
		18DDEB4D2BD83ABD003BF0DB /* BaseViewmodel.swift */ = {isa = PBXFileReference; lastKnownFileType = sourcecode.swift; path = BaseViewmodel.swift; sourceTree = "<group>"; };
		18DDEB542BDE1A87003BF0DB /* BaseViewController.swift */ = {isa = PBXFileReference; lastKnownFileType = sourcecode.swift; path = BaseViewController.swift; sourceTree = "<group>"; };
/* End PBXFileReference section */

/* Begin PBXFrameworksBuildPhase section */
		189C341E2BC3878800123C84 /* Frameworks */ = {
			isa = PBXFrameworksBuildPhase;
			buildActionMask = 2147483647;
			files = (
				189C34402BC38A3100123C84 /* MyUIUtilities in Frameworks */,
				18DDEB532BDD4FAE003BF0DB /* Factory in Frameworks */,
				1833641B2BDFE289007C4BE0 /* FirebaseAnalytics in Frameworks */,
				1833641D2BDFE289007C4BE0 /* FirebaseAnalyticsWithoutAdIdSupport in Frameworks */,
			);
			runOnlyForDeploymentPostprocessing = 0;
		};
/* End PBXFrameworksBuildPhase section */

/* Begin PBXGroup section */
		189C34182BC3878800123C84 = {
			isa = PBXGroup;
			children = (
				189C34232BC3878800123C84 /* SolutionPlusProject */,
				189C34222BC3878800123C84 /* Products */,
				189C343E2BC38A3100123C84 /* Frameworks */,
			);
			sourceTree = "<group>";
		};
		189C34222BC3878800123C84 /* Products */ = {
			isa = PBXGroup;
			children = (
				189C34212BC3878800123C84 /* SolutionPlusProject.app */,
			);
			name = Products;
			sourceTree = "<group>";
		};
		189C34232BC3878800123C84 /* SolutionPlusProject */ = {
			isa = PBXGroup;
			children = (
				18DDEB432BD811CA003BF0DB /* Container */,
				189C346C2BCD3CD900123C84 /* Core */,
				18DDEB352BD6B039003BF0DB /* Data */,
				18DDEB362BD6B03F003BF0DB /* Domain */,
				18DDEB372BD6B045003BF0DB /* Presentation */,
				189C346A2BCCA62000123C84 /* ReusableTextField.swift */,
				189C34662BCCA3C900123C84 /* ReusableTextField.xib */,
				189C342A2BC3878800123C84 /* Main.storyboard */,
				189C342D2BC3878A00123C84 /* Assets.xcassets */,
				189C342F2BC3878A00123C84 /* LaunchScreen.storyboard */,
				183364172BDFE215007C4BE0 /* GoogleService-Info.plist */,
				189C34322BC3878A00123C84 /* Info.plist */,
				189C34512BCC519800123C84 /* DataModel.xcdatamodeld */,
				189C343C2BC3898A00123C84 /* Packages */,
			);
			path = SolutionPlusProject;
			sourceTree = "<group>";
		};
		189C343C2BC3898A00123C84 /* Packages */ = {
			isa = PBXGroup;
			children = (
				189C343D2BC3898A00123C84 /* MyUIUtilities */,
			);
			name = Packages;
			path = ..;
			sourceTree = "<group>";
		};
		189C343E2BC38A3100123C84 /* Frameworks */ = {
			isa = PBXGroup;
			children = (
			);
			name = Frameworks;
			sourceTree = "<group>";
		};
		189C34432BC3A00100123C84 /* Models */ = {
			isa = PBXGroup;
			children = (
				189C34442BC3A01C00123C84 /* LoginRequest.swift */,
				189C34462BC3A02B00123C84 /* LoginResponse.swift */,
				189C344B2BC8430900123C84 /* ProductModel.swift */,
			);
			path = Models;
			sourceTree = "<group>";
		};
		189C34482BC3A18800123C84 /* Endpoints */ = {
			isa = PBXGroup;
			children = (
				189C34412BC39F4700123C84 /* LoginEndpoint.swift */,
				189C34492BC841CE00123C84 /* ProductsEndpoint.swift */,
			);
			path = Endpoints;
			sourceTree = "<group>";
		};
		189C346C2BCD3CD900123C84 /* Core */ = {
			isa = PBXGroup;
			children = (
				189C34262BC3878800123C84 /* SceneDelegate.swift */,
				189C34242BC3878800123C84 /* AppDelegate.swift */,
			);
			path = Core;
			sourceTree = "<group>";
		};
		189C346D2BCD5A3000123C84 /* Repositories */ = {
			isa = PBXGroup;
			children = (
				189C34702BCD5A7400123C84 /* RemoteProductRepository.swift */,
				189C34722BCD5A8400123C84 /* LocalProductRepository.swift */,
				189C34742BCD5A9400123C84 /* ProductRepository.swift */,
			);
			path = Repositories;
			sourceTree = "<group>";
		};
		189C34762BCD5D9F00123C84 /* UseCases */ = {
			isa = PBXGroup;
			children = (
				18DDEB3D2BD6C9AE003BF0DB /* FetchProductsUseCaseProtocol.swift */,
				189C34782BCD5E1500123C84 /* FetchProductsUseCase.swift */,
				18DDEB4B2BD83659003BF0DB /* BaseUsecase.swift */,
			);
			path = UseCases;
			sourceTree = "<group>";
		};
		189C34772BCD5DE900123C84 /* ViewModels */ = {
			isa = PBXGroup;
			children = (
				189C347A2BCD5E2A00123C84 /* ProductListViewModel.swift */,
				18DDEB4D2BD83ABD003BF0DB /* BaseViewmodel.swift */,
			);
			path = ViewModels;
			sourceTree = "<group>";
		};
		189C347C2BCD5E3E00123C84 /* Views */ = {
			isa = PBXGroup;
			children = (
				189C34282BC3878800123C84 /* ViewController.swift */,
				18DDEB542BDE1A87003BF0DB /* BaseViewController.swift */,
			);
			path = Views;
			sourceTree = "<group>";
		};
		18DDEB352BD6B039003BF0DB /* Data */ = {
			isa = PBXGroup;
			children = (
				18DDEB382BD6B10D003BF0DB /* Network */,
				189C346D2BCD5A3000123C84 /* Repositories */,
			);
			path = Data;
			sourceTree = "<group>";
		};
		18DDEB362BD6B03F003BF0DB /* Domain */ = {
			isa = PBXGroup;
			children = (
				189C34762BCD5D9F00123C84 /* UseCases */,
				18DDEB3A2BD6C921003BF0DB /* Interfaces */,
			);
			path = Domain;
			sourceTree = "<group>";
		};
		18DDEB372BD6B045003BF0DB /* Presentation */ = {
			isa = PBXGroup;
			children = (
				189C34772BCD5DE900123C84 /* ViewModels */,
				189C347C2BCD5E3E00123C84 /* Views */,
			);
			path = Presentation;
			sourceTree = "<group>";
		};
		18DDEB382BD6B10D003BF0DB /* Network */ = {
			isa = PBXGroup;
			children = (
				189C34432BC3A00100123C84 /* Models */,
				189C34482BC3A18800123C84 /* Endpoints */,
				18DDEB392BD6B119003BF0DB /* CoreData */,
			);
			path = Network;
			sourceTree = "<group>";
		};
		18DDEB392BD6B119003BF0DB /* CoreData */ = {
			isa = PBXGroup;
			children = (
				189C34582BCC55B200123C84 /* CoreDataStack.swift */,
			);
			path = CoreData;
			sourceTree = "<group>";
		};
		18DDEB3A2BD6C921003BF0DB /* Interfaces */ = {
			isa = PBXGroup;
			children = (
				18DDEB3F2BD6CA12003BF0DB /* RemoteProductRepositoryProtocol.swift */,
				18DDEB412BD6CA3E003BF0DB /* LocalProductRepositoryProrocol.swift */,
				18DDEB3B2BD6C958003BF0DB /* ProductRepositoryProtocol.swift */,
			);
			path = Interfaces;
			sourceTree = "<group>";
		};
		18DDEB432BD811CA003BF0DB /* Container */ = {
			isa = PBXGroup;
			children = (
				18DDEB442BD811EE003BF0DB /* Factory */,
			);
			path = Container;
			sourceTree = "<group>";
		};
		18DDEB442BD811EE003BF0DB /* Factory */ = {
			isa = PBXGroup;
			children = (
				18DDEB492BD81674003BF0DB /* ProductDependanciesFactory.swift */,
			);
			path = Factory;
			sourceTree = "<group>";
		};
/* End PBXGroup section */

/* Begin PBXNativeTarget section */
		189C34202BC3878800123C84 /* SolutionPlusProject */ = {
			isa = PBXNativeTarget;
			buildConfigurationList = 189C34352BC3878A00123C84 /* Build configuration list for PBXNativeTarget "SolutionPlusProject" */;
			buildPhases = (
				189C341D2BC3878800123C84 /* Sources */,
				189C341E2BC3878800123C84 /* Frameworks */,
				189C341F2BC3878800123C84 /* Resources */,
				18DDEB342BD40127003BF0DB /* ShellScript */,
				1833641E2BDFFD6F007C4BE0 /* ShellScript */,
			);
			buildRules = (
			);
			dependencies = (
			);
			name = SolutionPlusProject;
			packageProductDependencies = (
				189C343F2BC38A3100123C84 /* MyUIUtilities */,
				18DDEB522BDD4FAE003BF0DB /* Factory */,
				1833641A2BDFE289007C4BE0 /* FirebaseAnalytics */,
				1833641C2BDFE289007C4BE0 /* FirebaseAnalyticsWithoutAdIdSupport */,
			);
			productName = SolutionPlusProject;
			productReference = 189C34212BC3878800123C84 /* SolutionPlusProject.app */;
			productType = "com.apple.product-type.application";
		};
/* End PBXNativeTarget section */

/* Begin PBXProject section */
		189C34192BC3878800123C84 /* Project object */ = {
			isa = PBXProject;
			attributes = {
				BuildIndependentTargetsInParallel = 1;
				LastSwiftUpdateCheck = 1420;
				LastUpgradeCheck = 1420;
				TargetAttributes = {
					189C34202BC3878800123C84 = {
						CreatedOnToolsVersion = 14.2;
					};
				};
			};
			buildConfigurationList = 189C341C2BC3878800123C84 /* Build configuration list for PBXProject "SolutionPlusProject" */;
			compatibilityVersion = "Xcode 14.0";
			developmentRegion = en;
			hasScannedForEncodings = 0;
			knownRegions = (
				en,
				Base,
			);
			mainGroup = 189C34182BC3878800123C84;
			packageReferences = (
				18DDEB512BDD4FAE003BF0DB /* XCRemoteSwiftPackageReference "Factory" */,
				183364192BDFE289007C4BE0 /* XCRemoteSwiftPackageReference "firebase-ios-sdk" */,
			);
			productRefGroup = 189C34222BC3878800123C84 /* Products */;
			projectDirPath = "";
			projectRoot = "";
			targets = (
				189C34202BC3878800123C84 /* SolutionPlusProject */,
			);
		};
/* End PBXProject section */

/* Begin PBXResourcesBuildPhase section */
		189C341F2BC3878800123C84 /* Resources */ = {
			isa = PBXResourcesBuildPhase;
			buildActionMask = 2147483647;
			files = (
				189C34312BC3878A00123C84 /* LaunchScreen.storyboard in Resources */,
				189C342E2BC3878A00123C84 /* Assets.xcassets in Resources */,
				189C34672BCCA3C900123C84 /* ReusableTextField.xib in Resources */,
				183364182BDFE215007C4BE0 /* GoogleService-Info.plist in Resources */,
				189C342C2BC3878800123C84 /* Main.storyboard in Resources */,
			);
			runOnlyForDeploymentPostprocessing = 0;
		};
/* End PBXResourcesBuildPhase section */

/* Begin PBXShellScriptBuildPhase section */
		1833641E2BDFFD6F007C4BE0 /* ShellScript */ = {
			isa = PBXShellScriptBuildPhase;
			buildActionMask = 2147483647;
			files = (
			);
			inputFileListPaths = (
			);
			inputPaths = (
				"${DWARF_DSYM_FOLDER_PATH}/${DWARF_DSYM_FILE_NAME}",
				"${DWARF_DSYM_FOLDER_PATH}/${DWARF_DSYM_FILE_NAME}/Contents/Resources/DWARF/${PRODUCT_NAME}",
				"${DWARF_DSYM_FOLDER_PATH}/${DWARF_DSYM_FILE_NAME}/Contents/Info.plist",
				"$(TARGET_BUILD_DIR)/$(UNLOCALIZED_RESOURCES_FOLDER_PATH)/GoogleService-Info.plist",
				"$(TARGET_BUILD_DIR)/$(EXECUTABLE_PATH)",
			);
			outputFileListPaths = (
			);
			outputPaths = (
			);
			runOnlyForDeploymentPostprocessing = 0;
			shellPath = /bin/sh;
			shellScript = "\"${BUILD_DIR%/Build/*}/SourcePackages/checkouts/firebase-ios-sdk/Crashlytics/run\"\n";
		};
		18DDEB342BD40127003BF0DB /* ShellScript */ = {
			isa = PBXShellScriptBuildPhase;
			buildActionMask = 2147483647;
			files = (
			);
			inputFileListPaths = (
			);
			inputPaths = (
			);
			outputFileListPaths = (
			);
			outputPaths = (
			);
			runOnlyForDeploymentPostprocessing = 0;
			shellPath = /bin/sh;
			shellScript = "if which swiftlint >/dev/null; then\n    swiftlint\nelse\n    echo \"warning: SwiftLint not installed, download from https://github.com/realm/SwiftLint\"\nfi\n";
		};
/* End PBXShellScriptBuildPhase section */

/* Begin PBXSourcesBuildPhase section */
		189C341D2BC3878800123C84 /* Sources */ = {
			isa = PBXSourcesBuildPhase;
			buildActionMask = 2147483647;
			files = (
				18DDEB402BD6CA12003BF0DB /* RemoteProductRepositoryProtocol.swift in Sources */,
				18DDEB4E2BD83ABD003BF0DB /* BaseViewmodel.swift in Sources */,
				189C34422BC39F4700123C84 /* LoginEndpoint.swift in Sources */,
				189C34732BCD5A8400123C84 /* LocalProductRepository.swift in Sources */,
				189C344C2BC8430900123C84 /* ProductModel.swift in Sources */,
				189C34292BC3878800123C84 /* ViewController.swift in Sources */,
				189C34592BCC55B200123C84 /* CoreDataStack.swift in Sources */,
				189C34712BCD5A7400123C84 /* RemoteProductRepository.swift in Sources */,
				189C344A2BC841CE00123C84 /* ProductsEndpoint.swift in Sources */,
				18DDEB3C2BD6C958003BF0DB /* ProductRepositoryProtocol.swift in Sources */,
				189C34472BC3A02B00123C84 /* LoginResponse.swift in Sources */,
				18DDEB4A2BD81674003BF0DB /* ProductDependanciesFactory.swift in Sources */,
				189C34252BC3878800123C84 /* AppDelegate.swift in Sources */,
				18DDEB3E2BD6C9AE003BF0DB /* FetchProductsUseCaseProtocol.swift in Sources */,
				189C34532BCC519800123C84 /* DataModel.xcdatamodeld in Sources */,
				189C34452BC3A01C00123C84 /* LoginRequest.swift in Sources */,
				189C346B2BCCA62000123C84 /* ReusableTextField.swift in Sources */,
				189C34792BCD5E1500123C84 /* FetchProductsUseCase.swift in Sources */,
				189C34272BC3878800123C84 /* SceneDelegate.swift in Sources */,
				18DDEB552BDE1A87003BF0DB /* BaseViewController.swift in Sources */,
				189C347B2BCD5E2A00123C84 /* ProductListViewModel.swift in Sources */,
				189C34752BCD5A9400123C84 /* ProductRepository.swift in Sources */,
				18DDEB4C2BD83659003BF0DB /* BaseUsecase.swift in Sources */,
				18DDEB422BD6CA3E003BF0DB /* LocalProductRepositoryProrocol.swift in Sources */,
			);
			runOnlyForDeploymentPostprocessing = 0;
		};
/* End PBXSourcesBuildPhase section */

/* Begin PBXVariantGroup section */
		189C342A2BC3878800123C84 /* Main.storyboard */ = {
			isa = PBXVariantGroup;
			children = (
				189C342B2BC3878800123C84 /* Base */,
			);
			name = Main.storyboard;
			sourceTree = "<group>";
		};
		189C342F2BC3878A00123C84 /* LaunchScreen.storyboard */ = {
			isa = PBXVariantGroup;
			children = (
				189C34302BC3878A00123C84 /* Base */,
			);
			name = LaunchScreen.storyboard;
			sourceTree = "<group>";
		};
/* End PBXVariantGroup section */

/* Begin XCBuildConfiguration section */
		189C34332BC3878A00123C84 /* Debug */ = {
			isa = XCBuildConfiguration;
			buildSettings = {
				ALWAYS_SEARCH_USER_PATHS = NO;
				CLANG_ANALYZER_NONNULL = YES;
				CLANG_ANALYZER_NUMBER_OBJECT_CONVERSION = YES_AGGRESSIVE;
				CLANG_CXX_LANGUAGE_STANDARD = "gnu++20";
				CLANG_ENABLE_MODULES = YES;
				CLANG_ENABLE_OBJC_ARC = YES;
				CLANG_ENABLE_OBJC_WEAK = YES;
				CLANG_WARN_BLOCK_CAPTURE_AUTORELEASING = YES;
				CLANG_WARN_BOOL_CONVERSION = YES;
				CLANG_WARN_COMMA = YES;
				CLANG_WARN_CONSTANT_CONVERSION = YES;
				CLANG_WARN_DEPRECATED_OBJC_IMPLEMENTATIONS = YES;
				CLANG_WARN_DIRECT_OBJC_ISA_USAGE = YES_ERROR;
				CLANG_WARN_DOCUMENTATION_COMMENTS = YES;
				CLANG_WARN_EMPTY_BODY = YES;
				CLANG_WARN_ENUM_CONVERSION = YES;
				CLANG_WARN_INFINITE_RECURSION = YES;
				CLANG_WARN_INT_CONVERSION = YES;
				CLANG_WARN_NON_LITERAL_NULL_CONVERSION = YES;
				CLANG_WARN_OBJC_IMPLICIT_RETAIN_SELF = YES;
				CLANG_WARN_OBJC_LITERAL_CONVERSION = YES;
				CLANG_WARN_OBJC_ROOT_CLASS = YES_ERROR;
				CLANG_WARN_QUOTED_INCLUDE_IN_FRAMEWORK_HEADER = YES;
				CLANG_WARN_RANGE_LOOP_ANALYSIS = YES;
				CLANG_WARN_STRICT_PROTOTYPES = YES;
				CLANG_WARN_SUSPICIOUS_MOVE = YES;
				CLANG_WARN_UNGUARDED_AVAILABILITY = YES_AGGRESSIVE;
				CLANG_WARN_UNREACHABLE_CODE = YES;
				CLANG_WARN__DUPLICATE_METHOD_MATCH = YES;
				COPY_PHASE_STRIP = NO;
				DEBUG_INFORMATION_FORMAT = dwarf;
				ENABLE_STRICT_OBJC_MSGSEND = YES;
				ENABLE_TESTABILITY = YES;
				GCC_C_LANGUAGE_STANDARD = gnu11;
				GCC_DYNAMIC_NO_PIC = NO;
				GCC_NO_COMMON_BLOCKS = YES;
				GCC_OPTIMIZATION_LEVEL = 0;
				GCC_PREPROCESSOR_DEFINITIONS = (
					"DEBUG=1",
					"$(inherited)",
				);
				GCC_WARN_64_TO_32_BIT_CONVERSION = YES;
				GCC_WARN_ABOUT_RETURN_TYPE = YES_ERROR;
				GCC_WARN_UNDECLARED_SELECTOR = YES;
				GCC_WARN_UNINITIALIZED_AUTOS = YES_AGGRESSIVE;
				GCC_WARN_UNUSED_FUNCTION = YES;
				GCC_WARN_UNUSED_VARIABLE = YES;
				IPHONEOS_DEPLOYMENT_TARGET = 16.2;
				MTL_ENABLE_DEBUG_INFO = INCLUDE_SOURCE;
				MTL_FAST_MATH = YES;
				ONLY_ACTIVE_ARCH = YES;
				SDKROOT = iphoneos;
				SWIFT_ACTIVE_COMPILATION_CONDITIONS = DEBUG;
				SWIFT_OPTIMIZATION_LEVEL = "-Onone";
			};
			name = Debug;
		};
		189C34342BC3878A00123C84 /* Release */ = {
			isa = XCBuildConfiguration;
			buildSettings = {
				ALWAYS_SEARCH_USER_PATHS = NO;
				CLANG_ANALYZER_NONNULL = YES;
				CLANG_ANALYZER_NUMBER_OBJECT_CONVERSION = YES_AGGRESSIVE;
				CLANG_CXX_LANGUAGE_STANDARD = "gnu++20";
				CLANG_ENABLE_MODULES = YES;
				CLANG_ENABLE_OBJC_ARC = YES;
				CLANG_ENABLE_OBJC_WEAK = YES;
				CLANG_WARN_BLOCK_CAPTURE_AUTORELEASING = YES;
				CLANG_WARN_BOOL_CONVERSION = YES;
				CLANG_WARN_COMMA = YES;
				CLANG_WARN_CONSTANT_CONVERSION = YES;
				CLANG_WARN_DEPRECATED_OBJC_IMPLEMENTATIONS = YES;
				CLANG_WARN_DIRECT_OBJC_ISA_USAGE = YES_ERROR;
				CLANG_WARN_DOCUMENTATION_COMMENTS = YES;
				CLANG_WARN_EMPTY_BODY = YES;
				CLANG_WARN_ENUM_CONVERSION = YES;
				CLANG_WARN_INFINITE_RECURSION = YES;
				CLANG_WARN_INT_CONVERSION = YES;
				CLANG_WARN_NON_LITERAL_NULL_CONVERSION = YES;
				CLANG_WARN_OBJC_IMPLICIT_RETAIN_SELF = YES;
				CLANG_WARN_OBJC_LITERAL_CONVERSION = YES;
				CLANG_WARN_OBJC_ROOT_CLASS = YES_ERROR;
				CLANG_WARN_QUOTED_INCLUDE_IN_FRAMEWORK_HEADER = YES;
				CLANG_WARN_RANGE_LOOP_ANALYSIS = YES;
				CLANG_WARN_STRICT_PROTOTYPES = YES;
				CLANG_WARN_SUSPICIOUS_MOVE = YES;
				CLANG_WARN_UNGUARDED_AVAILABILITY = YES_AGGRESSIVE;
				CLANG_WARN_UNREACHABLE_CODE = YES;
				CLANG_WARN__DUPLICATE_METHOD_MATCH = YES;
				COPY_PHASE_STRIP = NO;
				DEBUG_INFORMATION_FORMAT = "dwarf-with-dsym";
				ENABLE_NS_ASSERTIONS = NO;
				ENABLE_STRICT_OBJC_MSGSEND = YES;
				GCC_C_LANGUAGE_STANDARD = gnu11;
				GCC_NO_COMMON_BLOCKS = YES;
				GCC_WARN_64_TO_32_BIT_CONVERSION = YES;
				GCC_WARN_ABOUT_RETURN_TYPE = YES_ERROR;
				GCC_WARN_UNDECLARED_SELECTOR = YES;
				GCC_WARN_UNINITIALIZED_AUTOS = YES_AGGRESSIVE;
				GCC_WARN_UNUSED_FUNCTION = YES;
				GCC_WARN_UNUSED_VARIABLE = YES;
				IPHONEOS_DEPLOYMENT_TARGET = 16.2;
				MTL_ENABLE_DEBUG_INFO = NO;
				MTL_FAST_MATH = YES;
				SDKROOT = iphoneos;
				SWIFT_COMPILATION_MODE = wholemodule;
				SWIFT_OPTIMIZATION_LEVEL = "-O";
				VALIDATE_PRODUCT = YES;
			};
			name = Release;
		};
		189C34362BC3878A00123C84 /* Debug */ = {
			isa = XCBuildConfiguration;
			buildSettings = {
				ASSETCATALOG_COMPILER_APPICON_NAME = AppIcon;
				ASSETCATALOG_COMPILER_GLOBAL_ACCENT_COLOR_NAME = AccentColor;
				CODE_SIGN_STYLE = Automatic;
				CURRENT_PROJECT_VERSION = 1;
				GENERATE_INFOPLIST_FILE = YES;
				INFOPLIST_FILE = SolutionPlusProject/Info.plist;
				INFOPLIST_KEY_UIApplicationSupportsIndirectInputEvents = YES;
				INFOPLIST_KEY_UILaunchStoryboardName = LaunchScreen;
				INFOPLIST_KEY_UIMainStoryboardFile = Main;
				INFOPLIST_KEY_UISupportedInterfaceOrientations_iPad = "UIInterfaceOrientationPortrait UIInterfaceOrientationPortraitUpsideDown UIInterfaceOrientationLandscapeLeft UIInterfaceOrientationLandscapeRight";
				INFOPLIST_KEY_UISupportedInterfaceOrientations_iPhone = "UIInterfaceOrientationPortrait UIInterfaceOrientationLandscapeLeft UIInterfaceOrientationLandscapeRight";
				LD_RUNPATH_SEARCH_PATHS = (
					"$(inherited)",
					"@executable_path/Frameworks",
				);
				MARKETING_VERSION = 1.0;
				PRODUCT_BUNDLE_IDENTIFIER = com.Ram.SolutionPlusProject;
				PRODUCT_NAME = "$(TARGET_NAME)";
				SWIFT_EMIT_LOC_STRINGS = YES;
				SWIFT_VERSION = 5.0;
				TARGETED_DEVICE_FAMILY = "1,2";
			};
			name = Debug;
		};
		189C34372BC3878A00123C84 /* Release */ = {
			isa = XCBuildConfiguration;
			buildSettings = {
				ASSETCATALOG_COMPILER_APPICON_NAME = AppIcon;
				ASSETCATALOG_COMPILER_GLOBAL_ACCENT_COLOR_NAME = AccentColor;
				CODE_SIGN_STYLE = Automatic;
				CURRENT_PROJECT_VERSION = 1;
				GENERATE_INFOPLIST_FILE = YES;
				INFOPLIST_FILE = SolutionPlusProject/Info.plist;
				INFOPLIST_KEY_UIApplicationSupportsIndirectInputEvents = YES;
				INFOPLIST_KEY_UILaunchStoryboardName = LaunchScreen;
				INFOPLIST_KEY_UIMainStoryboardFile = Main;
				INFOPLIST_KEY_UISupportedInterfaceOrientations_iPad = "UIInterfaceOrientationPortrait UIInterfaceOrientationPortraitUpsideDown UIInterfaceOrientationLandscapeLeft UIInterfaceOrientationLandscapeRight";
				INFOPLIST_KEY_UISupportedInterfaceOrientations_iPhone = "UIInterfaceOrientationPortrait UIInterfaceOrientationLandscapeLeft UIInterfaceOrientationLandscapeRight";
				LD_RUNPATH_SEARCH_PATHS = (
					"$(inherited)",
					"@executable_path/Frameworks",
				);
				MARKETING_VERSION = 1.0;
				PRODUCT_BUNDLE_IDENTIFIER = com.Ram.SolutionPlusProject;
				PRODUCT_NAME = "$(TARGET_NAME)";
				SWIFT_EMIT_LOC_STRINGS = YES;
				SWIFT_VERSION = 5.0;
				TARGETED_DEVICE_FAMILY = "1,2";
			};
			name = Release;
		};
/* End XCBuildConfiguration section */

/* Begin XCConfigurationList section */
		189C341C2BC3878800123C84 /* Build configuration list for PBXProject "SolutionPlusProject" */ = {
			isa = XCConfigurationList;
			buildConfigurations = (
				189C34332BC3878A00123C84 /* Debug */,
				189C34342BC3878A00123C84 /* Release */,
			);
			defaultConfigurationIsVisible = 0;
			defaultConfigurationName = Release;
		};
		189C34352BC3878A00123C84 /* Build configuration list for PBXNativeTarget "SolutionPlusProject" */ = {
			isa = XCConfigurationList;
			buildConfigurations = (
				189C34362BC3878A00123C84 /* Debug */,
				189C34372BC3878A00123C84 /* Release */,
			);
			defaultConfigurationIsVisible = 0;
			defaultConfigurationName = Release;
		};
/* End XCConfigurationList section */

/* Begin XCRemoteSwiftPackageReference section */
		183364192BDFE289007C4BE0 /* XCRemoteSwiftPackageReference "firebase-ios-sdk" */ = {
			isa = XCRemoteSwiftPackageReference;
			repositoryURL = "https://github.com/firebase/firebase-ios-sdk";
			requirement = {
				kind = upToNextMajorVersion;
				minimumVersion = 9.0.0;
			};
		};
		18DDEB512BDD4FAE003BF0DB /* XCRemoteSwiftPackageReference "Factory" */ = {
			isa = XCRemoteSwiftPackageReference;
			repositoryURL = "https://github.com/hmlongco/Factory";
			requirement = {
				kind = upToNextMajorVersion;
				minimumVersion = 2.0.0;
			};
		};
/* End XCRemoteSwiftPackageReference section */

/* Begin XCSwiftPackageProductDependency section */
		1833641A2BDFE289007C4BE0 /* FirebaseAnalytics */ = {
			isa = XCSwiftPackageProductDependency;
			package = 183364192BDFE289007C4BE0 /* XCRemoteSwiftPackageReference "firebase-ios-sdk" */;
			productName = FirebaseAnalytics;
		};
		1833641C2BDFE289007C4BE0 /* FirebaseAnalyticsWithoutAdIdSupport */ = {
			isa = XCSwiftPackageProductDependency;
			package = 183364192BDFE289007C4BE0 /* XCRemoteSwiftPackageReference "firebase-ios-sdk" */;
			productName = FirebaseAnalyticsWithoutAdIdSupport;
		};
		189C343F2BC38A3100123C84 /* MyUIUtilities */ = {
			isa = XCSwiftPackageProductDependency;
			productName = MyUIUtilities;
		};
		18DDEB522BDD4FAE003BF0DB /* Factory */ = {
			isa = XCSwiftPackageProductDependency;
			package = 18DDEB512BDD4FAE003BF0DB /* XCRemoteSwiftPackageReference "Factory" */;
			productName = Factory;
		};
/* End XCSwiftPackageProductDependency section */

/* Begin XCVersionGroup section */
		189C34512BCC519800123C84 /* DataModel.xcdatamodeld */ = {
			isa = XCVersionGroup;
			children = (
				189C34522BCC519800123C84 /* DataModel.xcdatamodel */,
			);
			currentVersion = 189C34522BCC519800123C84 /* DataModel.xcdatamodel */;
			path = DataModel.xcdatamodeld;
			sourceTree = "<group>";
			versionGroupType = wrapper.xcdatamodel;
		};
/* End XCVersionGroup section */
	};
	rootObject = 189C34192BC3878800123C84 /* Project object */;
}
