// !$*UTF8*$!
{
	archiveVersion = 1;
	classes = {
	};
	objectVersion = 56;
	objects = {

/* Begin PBXBuildFile section */
		189C34252BC3878800123C84 /* AppDelegate.swift in Sources */ = {isa = PBXBuildFile; fileRef = 189C34242BC3878800123C84 /* AppDelegate.swift */; };
		189C34272BC3878800123C84 /* SceneDelegate.swift in Sources */ = {isa = PBXBuildFile; fileRef = 189C34262BC3878800123C84 /* SceneDelegate.swift */; };
		189C34292BC3878800123C84 /* ViewController.swift in Sources */ = {isa = PBXBuildFile; fileRef = 189C34282BC3878800123C84 /* ViewController.swift */; };
		189C342C2BC3878800123C84 /* Main.storyboard in Resources */ = {isa = PBXBuildFile; fileRef = 189C342A2BC3878800123C84 /* Main.storyboard */; };
		189C342E2BC3878A00123C84 /* Assets.xcassets in Resources */ = {isa = PBXBuildFile; fileRef = 189C342D2BC3878A00123C84 /* Assets.xcassets */; };
		189C34312BC3878A00123C84 /* LaunchScreen.storyboard in Resources */ = {isa = PBXBuildFile; fileRef = 189C342F2BC3878A00123C84 /* LaunchScreen.storyboard */; };
		189C34402BC38A3100123C84 /* MyUIUtilities in Frameworks */ = {isa = PBXBuildFile; productRef = 189C343F2BC38A3100123C84 /* MyUIUtilities */; };
		189C34422BC39F4700123C84 /* LoginEndpoint.swift in Sources */ = {isa = PBXBuildFile; fileRef = 189C34412BC39F4700123C84 /* LoginEndpoint.swift */; };
		189C34452BC3A01C00123C84 /* LoginRequest.swift in Sources */ = {isa = PBXBuildFile; fileRef = 189C34442BC3A01C00123C84 /* LoginRequest.swift */; };
		189C34472BC3A02B00123C84 /* LoginResponse.swift in Sources */ = {isa = PBXBuildFile; fileRef = 189C34462BC3A02B00123C84 /* LoginResponse.swift */; };
		189C344A2BC841CE00123C84 /* ProductsEndpoint.swift in Sources */ = {isa = PBXBuildFile; fileRef = 189C34492BC841CE00123C84 /* ProductsEndpoint.swift */; };
		189C344C2BC8430900123C84 /* ProductModel.swift in Sources */ = {isa = PBXBuildFile; fileRef = 189C344B2BC8430900123C84 /* ProductModel.swift */; };
		189C34532BCC519800123C84 /* DataModel.xcdatamodeld in Sources */ = {isa = PBXBuildFile; fileRef = 189C34512BCC519800123C84 /* DataModel.xcdatamodeld */; };
		189C34592BCC55B200123C84 /* CoreDataStack.swift in Sources */ = {isa = PBXBuildFile; fileRef = 189C34582BCC55B200123C84 /* CoreDataStack.swift */; };
		189C34672BCCA3C900123C84 /* ReusableTextField.xib in Resources */ = {isa = PBXBuildFile; fileRef = 189C34662BCCA3C900123C84 /* ReusableTextField.xib */; };
		189C346B2BCCA62000123C84 /* ReusableTextField.swift in Sources */ = {isa = PBXBuildFile; fileRef = 189C346A2BCCA62000123C84 /* ReusableTextField.swift */; };
/* End PBXBuildFile section */

/* Begin PBXFileReference section */
		189C34212BC3878800123C84 /* SolutionPlusProject.app */ = {isa = PBXFileReference; explicitFileType = wrapper.application; includeInIndex = 0; path = SolutionPlusProject.app; sourceTree = BUILT_PRODUCTS_DIR; };
		189C34242BC3878800123C84 /* AppDelegate.swift */ = {isa = PBXFileReference; lastKnownFileType = sourcecode.swift; path = AppDelegate.swift; sourceTree = "<group>"; };
		189C34262BC3878800123C84 /* SceneDelegate.swift */ = {isa = PBXFileReference; lastKnownFileType = sourcecode.swift; path = SceneDelegate.swift; sourceTree = "<group>"; };
		189C34282BC3878800123C84 /* ViewController.swift */ = {isa = PBXFileReference; lastKnownFileType = sourcecode.swift; path = ViewController.swift; sourceTree = "<group>"; };
		189C342B2BC3878800123C84 /* Base */ = {isa = PBXFileReference; lastKnownFileType = file.storyboard; name = Base; path = Base.lproj/Main.storyboard; sourceTree = "<group>"; };
		189C342D2BC3878A00123C84 /* Assets.xcassets */ = {isa = PBXFileReference; lastKnownFileType = folder.assetcatalog; path = Assets.xcassets; sourceTree = "<group>"; };
		189C34302BC3878A00123C84 /* Base */ = {isa = PBXFileReference; lastKnownFileType = file.storyboard; name = Base; path = Base.lproj/LaunchScreen.storyboard; sourceTree = "<group>"; };
		189C34322BC3878A00123C84 /* Info.plist */ = {isa = PBXFileReference; lastKnownFileType = text.plist.xml; path = Info.plist; sourceTree = "<group>"; };
		189C343D2BC3898A00123C84 /* MyUIUtilities */ = {isa = PBXFileReference; lastKnownFileType = wrapper; name = MyUIUtilities; path = ../MyUIUtilities; sourceTree = "<group>"; };
		189C34412BC39F4700123C84 /* LoginEndpoint.swift */ = {isa = PBXFileReference; lastKnownFileType = sourcecode.swift; path = LoginEndpoint.swift; sourceTree = "<group>"; };
		189C34442BC3A01C00123C84 /* LoginRequest.swift */ = {isa = PBXFileReference; lastKnownFileType = sourcecode.swift; path = LoginRequest.swift; sourceTree = "<group>"; };
		189C34462BC3A02B00123C84 /* LoginResponse.swift */ = {isa = PBXFileReference; lastKnownFileType = sourcecode.swift; path = LoginResponse.swift; sourceTree = "<group>"; };
		189C34492BC841CE00123C84 /* ProductsEndpoint.swift */ = {isa = PBXFileReference; lastKnownFileType = sourcecode.swift; path = ProductsEndpoint.swift; sourceTree = "<group>"; };
		189C344B2BC8430900123C84 /* ProductModel.swift */ = {isa = PBXFileReference; lastKnownFileType = sourcecode.swift; path = ProductModel.swift; sourceTree = "<group>"; };
		189C34522BCC519800123C84 /* DataModel.xcdatamodel */ = {isa = PBXFileReference; lastKnownFileType = wrapper.xcdatamodel; path = DataModel.xcdatamodel; sourceTree = "<group>"; };
		189C34582BCC55B200123C84 /* CoreDataStack.swift */ = {isa = PBXFileReference; lastKnownFileType = sourcecode.swift; path = CoreDataStack.swift; sourceTree = "<group>"; };
		189C34662BCCA3C900123C84 /* ReusableTextField.xib */ = {isa = PBXFileReference; lastKnownFileType = file.xib; path = ReusableTextField.xib; sourceTree = "<group>"; };
		189C346A2BCCA62000123C84 /* ReusableTextField.swift */ = {isa = PBXFileReference; lastKnownFileType = sourcecode.swift; path = ReusableTextField.swift; sourceTree = "<group>"; };
/* End PBXFileReference section */

/* Begin PBXFrameworksBuildPhase section */
		189C341E2BC3878800123C84 /* Frameworks */ = {
			isa = PBXFrameworksBuildPhase;
			buildActionMask = 2147483647;
			files = (
				189C34402BC38A3100123C84 /* MyUIUtilities in Frameworks */,
			);
			runOnlyForDeploymentPostprocessing = 0;
		};
/* End PBXFrameworksBuildPhase section */

/* Begin PBXGroup section */
		189C34182BC3878800123C84 = {
			isa = PBXGroup;
			children = (
				189C34232BC3878800123C84 /* SolutionPlusProject */,
				189C34222BC3878800123C84 /* Products */,
				189C343E2BC38A3100123C84 /* Frameworks */,
			);
			sourceTree = "<group>";
		};
		189C34222BC3878800123C84 /* Products */ = {
			isa = PBXGroup;
			children = (
				189C34212BC3878800123C84 /* SolutionPlusProject.app */,
			);
			name = Products;
			sourceTree = "<group>";
		};
		189C34232BC3878800123C84 /* SolutionPlusProject */ = {
			isa = PBXGroup;
			children = (
				189C34482BC3A18800123C84 /* Endpoints */,
				189C34432BC3A00100123C84 /* Models */,
				189C34242BC3878800123C84 /* AppDelegate.swift */,
				189C34262BC3878800123C84 /* SceneDelegate.swift */,
				189C34282BC3878800123C84 /* ViewController.swift */,
				189C34662BCCA3C900123C84 /* ReusableTextField.xib */,
				189C346A2BCCA62000123C84 /* ReusableTextField.swift */,
				189C34582BCC55B200123C84 /* CoreDataStack.swift */,
				189C342A2BC3878800123C84 /* Main.storyboard */,
				189C342D2BC3878A00123C84 /* Assets.xcassets */,
				189C342F2BC3878A00123C84 /* LaunchScreen.storyboard */,
				189C34322BC3878A00123C84 /* Info.plist */,
				189C34512BCC519800123C84 /* DataModel.xcdatamodeld */,
				189C343C2BC3898A00123C84 /* Packages */,
			);
			path = SolutionPlusProject;
			sourceTree = "<group>";
		};
		189C343C2BC3898A00123C84 /* Packages */ = {
			isa = PBXGroup;
			children = (
				189C343D2BC3898A00123C84 /* MyUIUtilities */,
			);
			name = Packages;
			path = ..;
			sourceTree = "<group>";
		};
		189C343E2BC38A3100123C84 /* Frameworks */ = {
			isa = PBXGroup;
			children = (
			);
			name = Frameworks;
			sourceTree = "<group>";
		};
		189C34432BC3A00100123C84 /* Models */ = {
			isa = PBXGroup;
			children = (
				189C34442BC3A01C00123C84 /* LoginRequest.swift */,
				189C34462BC3A02B00123C84 /* LoginResponse.swift */,
				189C344B2BC8430900123C84 /* ProductModel.swift */,
			);
			path = Models;
			sourceTree = "<group>";
		};
		189C34482BC3A18800123C84 /* Endpoints */ = {
			isa = PBXGroup;
			children = (
				189C34412BC39F4700123C84 /* LoginEndpoint.swift */,
				189C34492BC841CE00123C84 /* ProductsEndpoint.swift */,
			);
			path = Endpoints;
			sourceTree = "<group>";
		};
/* End PBXGroup section */

/* Begin PBXNativeTarget section */
		189C34202BC3878800123C84 /* SolutionPlusProject */ = {
			isa = PBXNativeTarget;
			buildConfigurationList = 189C34352BC3878A00123C84 /* Build configuration list for PBXNativeTarget "SolutionPlusProject" */;
			buildPhases = (
				189C341D2BC3878800123C84 /* Sources */,
				189C341E2BC3878800123C84 /* Frameworks */,
				189C341F2BC3878800123C84 /* Resources */,
			);
			buildRules = (
			);
			dependencies = (
			);
			name = SolutionPlusProject;
			packageProductDependencies = (
				189C343F2BC38A3100123C84 /* MyUIUtilities */,
			);
			productName = SolutionPlusProject;
			productReference = 189C34212BC3878800123C84 /* SolutionPlusProject.app */;
			productType = "com.apple.product-type.application";
		};
/* End PBXNativeTarget section */

/* Begin PBXProject section */
		189C34192BC3878800123C84 /* Project object */ = {
			isa = PBXProject;
			attributes = {
				BuildIndependentTargetsInParallel = 1;
				LastSwiftUpdateCheck = 1420;
				LastUpgradeCheck = 1420;
				TargetAttributes = {
					189C34202BC3878800123C84 = {
						CreatedOnToolsVersion = 14.2;
					};
				};
			};
			buildConfigurationList = 189C341C2BC3878800123C84 /* Build configuration list for PBXProject "SolutionPlusProject" */;
			compatibilityVersion = "Xcode 14.0";
			developmentRegion = en;
			hasScannedForEncodings = 0;
			knownRegions = (
				en,
				Base,
			);
			mainGroup = 189C34182BC3878800123C84;
			productRefGroup = 189C34222BC3878800123C84 /* Products */;
			projectDirPath = "";
			projectRoot = "";
			targets = (
				189C34202BC3878800123C84 /* SolutionPlusProject */,
			);
		};
/* End PBXProject section */

/* Begin PBXResourcesBuildPhase section */
		189C341F2BC3878800123C84 /* Resources */ = {
			isa = PBXResourcesBuildPhase;
			buildActionMask = 2147483647;
			files = (
				189C34312BC3878A00123C84 /* LaunchScreen.storyboard in Resources */,
				189C342E2BC3878A00123C84 /* Assets.xcassets in Resources */,
				189C34672BCCA3C900123C84 /* ReusableTextField.xib in Resources */,
				189C342C2BC3878800123C84 /* Main.storyboard in Resources */,
			);
			runOnlyForDeploymentPostprocessing = 0;
		};
/* End PBXResourcesBuildPhase section */

/* Begin PBXSourcesBuildPhase section */
		189C341D2BC3878800123C84 /* Sources */ = {
			isa = PBXSourcesBuildPhase;
			buildActionMask = 2147483647;
			files = (
				189C34422BC39F4700123C84 /* LoginEndpoint.swift in Sources */,
				189C344C2BC8430900123C84 /* ProductModel.swift in Sources */,
				189C34292BC3878800123C84 /* ViewController.swift in Sources */,
				189C34592BCC55B200123C84 /* CoreDataStack.swift in Sources */,
				189C344A2BC841CE00123C84 /* ProductsEndpoint.swift in Sources */,
				189C34472BC3A02B00123C84 /* LoginResponse.swift in Sources */,
				189C34252BC3878800123C84 /* AppDelegate.swift in Sources */,
				189C34532BCC519800123C84 /* DataModel.xcdatamodeld in Sources */,
				189C34452BC3A01C00123C84 /* LoginRequest.swift in Sources */,
				189C346B2BCCA62000123C84 /* ReusableTextField.swift in Sources */,
				189C34272BC3878800123C84 /* SceneDelegate.swift in Sources */,
			);
			runOnlyForDeploymentPostprocessing = 0;
		};
/* End PBXSourcesBuildPhase section */

/* Begin PBXVariantGroup section */
		189C342A2BC3878800123C84 /* Main.storyboard */ = {
			isa = PBXVariantGroup;
			children = (
				189C342B2BC3878800123C84 /* Base */,
			);
			name = Main.storyboard;
			sourceTree = "<group>";
		};
		189C342F2BC3878A00123C84 /* LaunchScreen.storyboard */ = {
			isa = PBXVariantGroup;
			children = (
				189C34302BC3878A00123C84 /* Base */,
			);
			name = LaunchScreen.storyboard;
			sourceTree = "<group>";
		};
/* End PBXVariantGroup section */

/* Begin XCBuildConfiguration section */
		189C34332BC3878A00123C84 /* Debug */ = {
			isa = XCBuildConfiguration;
			buildSettings = {
				ALWAYS_SEARCH_USER_PATHS = NO;
				CLANG_ANALYZER_NONNULL = YES;
				CLANG_ANALYZER_NUMBER_OBJECT_CONVERSION = YES_AGGRESSIVE;
				CLANG_CXX_LANGUAGE_STANDARD = "gnu++20";
				CLANG_ENABLE_MODULES = YES;
				CLANG_ENABLE_OBJC_ARC = YES;
				CLANG_ENABLE_OBJC_WEAK = YES;
				CLANG_WARN_BLOCK_CAPTURE_AUTORELEASING = YES;
				CLANG_WARN_BOOL_CONVERSION = YES;
				CLANG_WARN_COMMA = YES;
				CLANG_WARN_CONSTANT_CONVERSION = YES;
				CLANG_WARN_DEPRECATED_OBJC_IMPLEMENTATIONS = YES;
				CLANG_WARN_DIRECT_OBJC_ISA_USAGE = YES_ERROR;
				CLANG_WARN_DOCUMENTATION_COMMENTS = YES;
				CLANG_WARN_EMPTY_BODY = YES;
				CLANG_WARN_ENUM_CONVERSION = YES;
				CLANG_WARN_INFINITE_RECURSION = YES;
				CLANG_WARN_INT_CONVERSION = YES;
				CLANG_WARN_NON_LITERAL_NULL_CONVERSION = YES;
				CLANG_WARN_OBJC_IMPLICIT_RETAIN_SELF = YES;
				CLANG_WARN_OBJC_LITERAL_CONVERSION = YES;
				CLANG_WARN_OBJC_ROOT_CLASS = YES_ERROR;
				CLANG_WARN_QUOTED_INCLUDE_IN_FRAMEWORK_HEADER = YES;
				CLANG_WARN_RANGE_LOOP_ANALYSIS = YES;
				CLANG_WARN_STRICT_PROTOTYPES = YES;
				CLANG_WARN_SUSPICIOUS_MOVE = YES;
				CLANG_WARN_UNGUARDED_AVAILABILITY = YES_AGGRESSIVE;
				CLANG_WARN_UNREACHABLE_CODE = YES;
				CLANG_WARN__DUPLICATE_METHOD_MATCH = YES;
				COPY_PHASE_STRIP = NO;
				DEBUG_INFORMATION_FORMAT = dwarf;
				ENABLE_STRICT_OBJC_MSGSEND = YES;
				ENABLE_TESTABILITY = YES;
				GCC_C_LANGUAGE_STANDARD = gnu11;
				GCC_DYNAMIC_NO_PIC = NO;
				GCC_NO_COMMON_BLOCKS = YES;
				GCC_OPTIMIZATION_LEVEL = 0;
				GCC_PREPROCESSOR_DEFINITIONS = (
					"DEBUG=1",
					"$(inherited)",
				);
				GCC_WARN_64_TO_32_BIT_CONVERSION = YES;
				GCC_WARN_ABOUT_RETURN_TYPE = YES_ERROR;
				GCC_WARN_UNDECLARED_SELECTOR = YES;
				GCC_WARN_UNINITIALIZED_AUTOS = YES_AGGRESSIVE;
				GCC_WARN_UNUSED_FUNCTION = YES;
				GCC_WARN_UNUSED_VARIABLE = YES;
				IPHONEOS_DEPLOYMENT_TARGET = 16.2;
				MTL_ENABLE_DEBUG_INFO = INCLUDE_SOURCE;
				MTL_FAST_MATH = YES;
				ONLY_ACTIVE_ARCH = YES;
				SDKROOT = iphoneos;
				SWIFT_ACTIVE_COMPILATION_CONDITIONS = DEBUG;
				SWIFT_OPTIMIZATION_LEVEL = "-Onone";
			};
			name = Debug;
		};
		189C34342BC3878A00123C84 /* Release */ = {
			isa = XCBuildConfiguration;
			buildSettings = {
				ALWAYS_SEARCH_USER_PATHS = NO;
				CLANG_ANALYZER_NONNULL = YES;
				CLANG_ANALYZER_NUMBER_OBJECT_CONVERSION = YES_AGGRESSIVE;
				CLANG_CXX_LANGUAGE_STANDARD = "gnu++20";
				CLANG_ENABLE_MODULES = YES;
				CLANG_ENABLE_OBJC_ARC = YES;
				CLANG_ENABLE_OBJC_WEAK = YES;
				CLANG_WARN_BLOCK_CAPTURE_AUTORELEASING = YES;
				CLANG_WARN_BOOL_CONVERSION = YES;
				CLANG_WARN_COMMA = YES;
				CLANG_WARN_CONSTANT_CONVERSION = YES;
				CLANG_WARN_DEPRECATED_OBJC_IMPLEMENTATIONS = YES;
				CLANG_WARN_DIRECT_OBJC_ISA_USAGE = YES_ERROR;
				CLANG_WARN_DOCUMENTATION_COMMENTS = YES;
				CLANG_WARN_EMPTY_BODY = YES;
				CLANG_WARN_ENUM_CONVERSION = YES;
				CLANG_WARN_INFINITE_RECURSION = YES;
				CLANG_WARN_INT_CONVERSION = YES;
				CLANG_WARN_NON_LITERAL_NULL_CONVERSION = YES;
				CLANG_WARN_OBJC_IMPLICIT_RETAIN_SELF = YES;
				CLANG_WARN_OBJC_LITERAL_CONVERSION = YES;
				CLANG_WARN_OBJC_ROOT_CLASS = YES_ERROR;
				CLANG_WARN_QUOTED_INCLUDE_IN_FRAMEWORK_HEADER = YES;
				CLANG_WARN_RANGE_LOOP_ANALYSIS = YES;
				CLANG_WARN_STRICT_PROTOTYPES = YES;
				CLANG_WARN_SUSPICIOUS_MOVE = YES;
				CLANG_WARN_UNGUARDED_AVAILABILITY = YES_AGGRESSIVE;
				CLANG_WARN_UNREACHABLE_CODE = YES;
				CLANG_WARN__DUPLICATE_METHOD_MATCH = YES;
				COPY_PHASE_STRIP = NO;
				DEBUG_INFORMATION_FORMAT = "dwarf-with-dsym";
				ENABLE_NS_ASSERTIONS = NO;
				ENABLE_STRICT_OBJC_MSGSEND = YES;
				GCC_C_LANGUAGE_STANDARD = gnu11;
				GCC_NO_COMMON_BLOCKS = YES;
				GCC_WARN_64_TO_32_BIT_CONVERSION = YES;
				GCC_WARN_ABOUT_RETURN_TYPE = YES_ERROR;
				GCC_WARN_UNDECLARED_SELECTOR = YES;
				GCC_WARN_UNINITIALIZED_AUTOS = YES_AGGRESSIVE;
				GCC_WARN_UNUSED_FUNCTION = YES;
				GCC_WARN_UNUSED_VARIABLE = YES;
				IPHONEOS_DEPLOYMENT_TARGET = 16.2;
				MTL_ENABLE_DEBUG_INFO = NO;
				MTL_FAST_MATH = YES;
				SDKROOT = iphoneos;
				SWIFT_COMPILATION_MODE = wholemodule;
				SWIFT_OPTIMIZATION_LEVEL = "-O";
				VALIDATE_PRODUCT = YES;
			};
			name = Release;
		};
		189C34362BC3878A00123C84 /* Debug */ = {
			isa = XCBuildConfiguration;
			buildSettings = {
				ASSETCATALOG_COMPILER_APPICON_NAME = AppIcon;
				ASSETCATALOG_COMPILER_GLOBAL_ACCENT_COLOR_NAME = AccentColor;
				CODE_SIGN_STYLE = Automatic;
				CURRENT_PROJECT_VERSION = 1;
				GENERATE_INFOPLIST_FILE = YES;
				INFOPLIST_FILE = SolutionPlusProject/Info.plist;
				INFOPLIST_KEY_UIApplicationSupportsIndirectInputEvents = YES;
				INFOPLIST_KEY_UILaunchStoryboardName = LaunchScreen;
				INFOPLIST_KEY_UIMainStoryboardFile = Main;
				INFOPLIST_KEY_UISupportedInterfaceOrientations_iPad = "UIInterfaceOrientationPortrait UIInterfaceOrientationPortraitUpsideDown UIInterfaceOrientationLandscapeLeft UIInterfaceOrientationLandscapeRight";
				INFOPLIST_KEY_UISupportedInterfaceOrientations_iPhone = "UIInterfaceOrientationPortrait UIInterfaceOrientationLandscapeLeft UIInterfaceOrientationLandscapeRight";
				LD_RUNPATH_SEARCH_PATHS = (
					"$(inherited)",
					"@executable_path/Frameworks",
				);
				MARKETING_VERSION = 1.0;
				PRODUCT_BUNDLE_IDENTIFIER = com.Ram.SolutionPlusProject;
				PRODUCT_NAME = "$(TARGET_NAME)";
				SWIFT_EMIT_LOC_STRINGS = YES;
				SWIFT_VERSION = 5.0;
				TARGETED_DEVICE_FAMILY = "1,2";
			};
			name = Debug;
		};
		189C34372BC3878A00123C84 /* Release */ = {
			isa = XCBuildConfiguration;
			buildSettings = {
				ASSETCATALOG_COMPILER_APPICON_NAME = AppIcon;
				ASSETCATALOG_COMPILER_GLOBAL_ACCENT_COLOR_NAME = AccentColor;
				CODE_SIGN_STYLE = Automatic;
				CURRENT_PROJECT_VERSION = 1;
				GENERATE_INFOPLIST_FILE = YES;
				INFOPLIST_FILE = SolutionPlusProject/Info.plist;
				INFOPLIST_KEY_UIApplicationSupportsIndirectInputEvents = YES;
				INFOPLIST_KEY_UILaunchStoryboardName = LaunchScreen;
				INFOPLIST_KEY_UIMainStoryboardFile = Main;
				INFOPLIST_KEY_UISupportedInterfaceOrientations_iPad = "UIInterfaceOrientationPortrait UIInterfaceOrientationPortraitUpsideDown UIInterfaceOrientationLandscapeLeft UIInterfaceOrientationLandscapeRight";
				INFOPLIST_KEY_UISupportedInterfaceOrientations_iPhone = "UIInterfaceOrientationPortrait UIInterfaceOrientationLandscapeLeft UIInterfaceOrientationLandscapeRight";
				LD_RUNPATH_SEARCH_PATHS = (
					"$(inherited)",
					"@executable_path/Frameworks",
				);
				MARKETING_VERSION = 1.0;
				PRODUCT_BUNDLE_IDENTIFIER = com.Ram.SolutionPlusProject;
				PRODUCT_NAME = "$(TARGET_NAME)";
				SWIFT_EMIT_LOC_STRINGS = YES;
				SWIFT_VERSION = 5.0;
				TARGETED_DEVICE_FAMILY = "1,2";
			};
			name = Release;
		};
/* End XCBuildConfiguration section */

/* Begin XCConfigurationList section */
		189C341C2BC3878800123C84 /* Build configuration list for PBXProject "SolutionPlusProject" */ = {
			isa = XCConfigurationList;
			buildConfigurations = (
				189C34332BC3878A00123C84 /* Debug */,
				189C34342BC3878A00123C84 /* Release */,
			);
			defaultConfigurationIsVisible = 0;
			defaultConfigurationName = Release;
		};
		189C34352BC3878A00123C84 /* Build configuration list for PBXNativeTarget "SolutionPlusProject" */ = {
			isa = XCConfigurationList;
			buildConfigurations = (
				189C34362BC3878A00123C84 /* Debug */,
				189C34372BC3878A00123C84 /* Release */,
			);
			defaultConfigurationIsVisible = 0;
			defaultConfigurationName = Release;
		};
/* End XCConfigurationList section */

/* Begin XCSwiftPackageProductDependency section */
		189C343F2BC38A3100123C84 /* MyUIUtilities */ = {
			isa = XCSwiftPackageProductDependency;
			productName = MyUIUtilities;
		};
/* End XCSwiftPackageProductDependency section */

/* Begin XCVersionGroup section */
		189C34512BCC519800123C84 /* DataModel.xcdatamodeld */ = {
			isa = XCVersionGroup;
			children = (
				189C34522BCC519800123C84 /* DataModel.xcdatamodel */,
			);
			currentVersion = 189C34522BCC519800123C84 /* DataModel.xcdatamodel */;
			path = DataModel.xcdatamodeld;
			sourceTree = "<group>";
			versionGroupType = wrapper.xcdatamodel;
		};
/* End XCVersionGroup section */
	};
	rootObject = 189C34192BC3878800123C84 /* Project object */;
}
